
Microsoft Visual Studio Solution File, Format Version 12.00
# Visual Studio Version 17
VisualStudioVersion = 17.9.34616.47
MinimumVisualStudioVersion = 10.0.40219.1
Project("{9A19103F-16F7-4668-BE54-9A1E7A4F7556}") = "Entities", "Entities\Entities.csproj", "{E259528F-20DC-4BEE-A795-EE29D3225F5C}"
EndProject
Project("{9A19103F-16F7-4668-BE54-9A1E7A4F7556}") = "DataAccess", "DataAccess\DataAccess.csproj", "{CC11EE0A-8AAA-4034-81D8-7B7D71E7D61A}"
EndProject
Project("{9A19103F-16F7-4668-BE54-9A1E7A4F7556}") = "Business", "Business\Business.csproj", "{AE0DB6FD-411B-4F80-8008-3A161B6C872A}"
EndProject
Project("{9A19103F-16F7-4668-BE54-9A1E7A4F7556}") = "ConsoleUI", "ConsoleUI\ConsoleUI.csproj", "{570A99AA-ADA8-456C-B596-CE82257DC2D4}"
EndProject
Project("{9A19103F-16F7-4668-BE54-9A1E7A4F7556}") = "Core", "Core\Core.csproj", "{FE6742D2-68C7-42CD-A588-F3FB5EFE92BD}"
EndProject
Project("{FAE04EC0-301F-11D3-BF4B-00C04F79EFBC}") = "WebAPI", "WebAPI\WebAPI.csproj", "{F6A6EEFA-04C1-44C1-B7AD-5E337D13F9A8}"
EndProject
Global
	GlobalSection(SolutionConfigurationPlatforms) = preSolution
		Debug|Any CPU = Debug|Any CPU
		Release|Any CPU = Release|Any CPU
	EndGlobalSection
	GlobalSection(ProjectConfigurationPlatforms) = postSolution
		{E259528F-20DC-4BEE-A795-EE29D3225F5C}.Debug|Any CPU.ActiveCfg = Debug|Any CPU
		{E259528F-20DC-4BEE-A795-EE29D3225F5C}.Debug|Any CPU.Build.0 = Debug|Any CPU
		{E259528F-20DC-4BEE-A795-EE29D3225F5C}.Release|Any CPU.ActiveCfg = Release|Any CPU
		{E259528F-20DC-4BEE-A795-EE29D3225F5C}.Release|Any CPU.Build.0 = Release|Any CPU
		{CC11EE0A-8AAA-4034-81D8-7B7D71E7D61A}.Debug|Any CPU.ActiveCfg = Debug|Any CPU
		{CC11EE0A-8AAA-4034-81D8-7B7D71E7D61A}.Debug|Any CPU.Build.0 = Debug|Any CPU
		{CC11EE0A-8AAA-4034-81D8-7B7D71E7D61A}.Release|Any CPU.ActiveCfg = Release|Any CPU
		{CC11EE0A-8AAA-4034-81D8-7B7D71E7D61A}.Release|Any CPU.Build.0 = Release|Any CPU
		{AE0DB6FD-411B-4F80-8008-3A161B6C872A}.Debug|Any CPU.ActiveCfg = Debug|Any CPU
		{AE0DB6FD-411B-4F80-8008-3A161B6C872A}.Debug|Any CPU.Build.0 = Debug|Any CPU
		{AE0DB6FD-411B-4F80-8008-3A161B6C872A}.Release|Any CPU.ActiveCfg = Release|Any CPU
		{AE0DB6FD-411B-4F80-8008-3A161B6C872A}.Release|Any CPU.Build.0 = Release|Any CPU
		{570A99AA-ADA8-456C-B596-CE82257DC2D4}.Debug|Any CPU.ActiveCfg = Debug|Any CPU
		{570A99AA-ADA8-456C-B596-CE82257DC2D4}.Debug|Any CPU.Build.0 = Debug|Any CPU
		{570A99AA-ADA8-456C-B596-CE82257DC2D4}.Release|Any CPU.ActiveCfg = Release|Any CPU
		{570A99AA-ADA8-456C-B596-CE82257DC2D4}.Release|Any CPU.Build.0 = Release|Any CPU
		{FE6742D2-68C7-42CD-A588-F3FB5EFE92BD}.Debug|Any CPU.ActiveCfg = Debug|Any CPU
		{FE6742D2-68C7-42CD-A588-F3FB5EFE92BD}.Debug|Any CPU.Build.0 = Debug|Any CPU
		{FE6742D2-68C7-42CD-A588-F3FB5EFE92BD}.Release|Any CPU.ActiveCfg = Release|Any CPU
		{FE6742D2-68C7-42CD-A588-F3FB5EFE92BD}.Release|Any CPU.Build.0 = Release|Any CPU
		{F6A6EEFA-04C1-44C1-B7AD-5E337D13F9A8}.Debug|Any CPU.ActiveCfg = Debug|Any CPU
		{F6A6EEFA-04C1-44C1-B7AD-5E337D13F9A8}.Debug|Any CPU.Build.0 = Debug|Any CPU
		{F6A6EEFA-04C1-44C1-B7AD-5E337D13F9A8}.Release|Any CPU.ActiveCfg = Release|Any CPU
		{F6A6EEFA-04C1-44C1-B7AD-5E337D13F9A8}.Release|Any CPU.Build.0 = Release|Any CPU
	EndGlobalSection
	GlobalSection(SolutionProperties) = preSolution
		HideSolutionNode = FALSE
	EndGlobalSection
	GlobalSection(ExtensibilityGlobals) = postSolution
		SolutionGuid = {56DA3385-99DD-4DC5-9DF2-604CAE9A4BC5}
	EndGlobalSection
EndGlobal
